
Microsoft Visual Studio Solution File, Format Version 12.00
# Visual Studio Version 17
VisualStudioVersion = 17.0.32126.317
MinimumVisualStudioVersion = 10.0.40219.1
Project("{FAE04EC0-301F-11D3-BF4B-00C04F79EFBC}") = "BalancedBrackets", "BalancedBrackets\BalancedBrackets.csproj", "{8FFCDA5A-4E03-485D-800F-28D269BFD89A}"
EndProject
Global
	GlobalSection(SolutionConfigurationPlatforms) = preSolution
		Debug|Any CPU = Debug|Any CPU
		Release|Any CPU = Release|Any CPU
	EndGlobalSection
	GlobalSection(ProjectConfigurationPlatforms) = postSolution
		{8FFCDA5A-4E03-485D-800F-28D269BFD89A}.Debug|Any CPU.ActiveCfg = Debug|Any CPU
		{8FFCDA5A-4E03-485D-800F-28D269BFD89A}.Debug|Any CPU.Build.0 = Debug|Any CPU
		{8FFCDA5A-4E03-485D-800F-28D269BFD89A}.Release|Any CPU.ActiveCfg = Release|Any CPU
		{8FFCDA5A-4E03-485D-800F-28D269BFD89A}.Release|Any CPU.Build.0 = Release|Any CPU
	EndGlobalSection
	GlobalSection(SolutionProperties) = preSolution
		HideSolutionNode = FALSE
	EndGlobalSection
	GlobalSection(ExtensibilityGlobals) = postSolution
		SolutionGuid = {2D282041-1F80-440E-914C-6872C554C3D3}
	EndGlobalSection
EndGlobal
